// !$*UTF8*$!
{
	archiveVersion = 1;
	classes = {
	};
	objectVersion = 46;
	objects = {

/* Begin PBXBuildFile section */
		8A1B9A961E06205C0097E575 /* Minecraft.ttf in Resources */ = {isa = PBXBuildFile; fileRef = 8ACB87871E05923C009CE17B /* Minecraft.ttf */; };
		8A4E8ED71E13DB4F0060BE15 /* GameModel.swift in Sources */ = {isa = PBXBuildFile; fileRef = 8A4E8ED61E13DB4F0060BE15 /* GameModel.swift */; };
		8A4E8ED91E13DFB80060BE15 /* OnePlay.swift in Sources */ = {isa = PBXBuildFile; fileRef = 8A4E8ED81E13DFB80060BE15 /* OnePlay.swift */; };
		8ABCAC141E08E3640052D18A /* sound.swift in Sources */ = {isa = PBXBuildFile; fileRef = 8ABCAC131E08E3640052D18A /* sound.swift */; };
		8ABCAC171E08E51F0052D18A /* gameOver.wav in Resources */ = {isa = PBXBuildFile; fileRef = 8ABCAC151E08E51F0052D18A /* gameOver.wav */; };
		8ABCAC181E08E51F0052D18A /* sound.wav in Resources */ = {isa = PBXBuildFile; fileRef = 8ABCAC161E08E51F0052D18A /* sound.wav */; };
		8ACB87891E059353009CE17B /* playViewController.swift in Sources */ = {isa = PBXBuildFile; fileRef = 8ACB87881E059353009CE17B /* playViewController.swift */; };
		8AFB36BD1DFAEC2D00EDF656 /* AppDelegate.swift in Sources */ = {isa = PBXBuildFile; fileRef = 8AFB36BC1DFAEC2D00EDF656 /* AppDelegate.swift */; };
		8AFB36BF1DFAEC2D00EDF656 /* ViewController.swift in Sources */ = {isa = PBXBuildFile; fileRef = 8AFB36BE1DFAEC2D00EDF656 /* ViewController.swift */; };
		8AFB36C21DFAEC2D00EDF656 /* Main.storyboard in Resources */ = {isa = PBXBuildFile; fileRef = 8AFB36C01DFAEC2D00EDF656 /* Main.storyboard */; };
		8AFB36C41DFAEC2D00EDF656 /* Assets.xcassets in Resources */ = {isa = PBXBuildFile; fileRef = 8AFB36C31DFAEC2D00EDF656 /* Assets.xcassets */; };
		8AFB36C71DFAEC2D00EDF656 /* LaunchScreen.storyboard in Resources */ = {isa = PBXBuildFile; fileRef = 8AFB36C51DFAEC2D00EDF656 /* LaunchScreen.storyboard */; };
/* End PBXBuildFile section */

/* Begin PBXFileReference section */
		8A4E8ED61E13DB4F0060BE15 /* GameModel.swift */ = {isa = PBXFileReference; fileEncoding = 4; lastKnownFileType = sourcecode.swift; path = GameModel.swift; sourceTree = "<group>"; };
		8A4E8ED81E13DFB80060BE15 /* OnePlay.swift */ = {isa = PBXFileReference; fileEncoding = 4; lastKnownFileType = sourcecode.swift; path = OnePlay.swift; sourceTree = "<group>"; };
		8ABCAC131E08E3640052D18A /* sound.swift */ = {isa = PBXFileReference; fileEncoding = 4; lastKnownFileType = sourcecode.swift; path = sound.swift; sourceTree = "<group>"; };
		8ABCAC151E08E51F0052D18A /* gameOver.wav */ = {isa = PBXFileReference; lastKnownFileType = audio.wav; path = gameOver.wav; sourceTree = "<group>"; };
		8ABCAC161E08E51F0052D18A /* sound.wav */ = {isa = PBXFileReference; lastKnownFileType = audio.wav; path = sound.wav; sourceTree = "<group>"; };
		8ACB87871E05923C009CE17B /* Minecraft.ttf */ = {isa = PBXFileReference; lastKnownFileType = file; path = Minecraft.ttf; sourceTree = "<group>"; };
		8ACB87881E059353009CE17B /* playViewController.swift */ = {isa = PBXFileReference; fileEncoding = 4; lastKnownFileType = sourcecode.swift; path = playViewController.swift; sourceTree = "<group>"; };
		8AFB36B91DFAEC2D00EDF656 /* PingPongVer2.app */ = {isa = PBXFileReference; explicitFileType = wrapper.application; includeInIndex = 0; path = PingPongVer2.app; sourceTree = BUILT_PRODUCTS_DIR; };
		8AFB36BC1DFAEC2D00EDF656 /* AppDelegate.swift */ = {isa = PBXFileReference; lastKnownFileType = sourcecode.swift; path = AppDelegate.swift; sourceTree = "<group>"; };
		8AFB36BE1DFAEC2D00EDF656 /* ViewController.swift */ = {isa = PBXFileReference; lastKnownFileType = sourcecode.swift; path = ViewController.swift; sourceTree = "<group>"; };
		8AFB36C11DFAEC2D00EDF656 /* Base */ = {isa = PBXFileReference; lastKnownFileType = file.storyboard; name = Base; path = Base.lproj/Main.storyboard; sourceTree = "<group>"; };
		8AFB36C31DFAEC2D00EDF656 /* Assets.xcassets */ = {isa = PBXFileReference; lastKnownFileType = folder.assetcatalog; path = Assets.xcassets; sourceTree = "<group>"; };
		8AFB36C61DFAEC2D00EDF656 /* Base */ = {isa = PBXFileReference; lastKnownFileType = file.storyboard; name = Base; path = Base.lproj/LaunchScreen.storyboard; sourceTree = "<group>"; };
		8AFB36C81DFAEC2D00EDF656 /* Info.plist */ = {isa = PBXFileReference; lastKnownFileType = text.plist.xml; path = Info.plist; sourceTree = "<group>"; };
/* End PBXFileReference section */

/* Begin PBXFrameworksBuildPhase section */
		8AFB36B61DFAEC2D00EDF656 /* Frameworks */ = {
			isa = PBXFrameworksBuildPhase;
			buildActionMask = 2147483647;
			files = (
			);
			runOnlyForDeploymentPostprocessing = 0;
		};
/* End PBXFrameworksBuildPhase section */

/* Begin PBXGroup section */
		8A4E8ED51E13DB230060BE15 /* model */ = {
			isa = PBXGroup;
			children = (
				8A4E8ED61E13DB4F0060BE15 /* GameModel.swift */,
			);
			name = model;
			sourceTree = "<group>";
		};
		8A4E8EDC1E13FB9B0060BE15 /* View */ = {
			isa = PBXGroup;
			children = (
				8AFB36C51DFAEC2D00EDF656 /* LaunchScreen.storyboard */,
				8AFB36C01DFAEC2D00EDF656 /* Main.storyboard */,
			);
			name = View;
			sourceTree = "<group>";
		};
		8A4E8EDD1E13FBA50060BE15 /* Controller */ = {
			isa = PBXGroup;
			children = (
				8A4E8ED81E13DFB80060BE15 /* OnePlay.swift */,
				8ACB87881E059353009CE17B /* playViewController.swift */,
				8AFB36BC1DFAEC2D00EDF656 /* AppDelegate.swift */,
				8ABCAC131E08E3640052D18A /* sound.swift */,
				8AFB36BE1DFAEC2D00EDF656 /* ViewController.swift */,
			);
			name = Controller;
			sourceTree = "<group>";
		};
		8AFB36B01DFAEC2D00EDF656 = {
			isa = PBXGroup;
			children = (
				8AFB36BB1DFAEC2D00EDF656 /* PingPongVer2 */,
				8AFB36BA1DFAEC2D00EDF656 /* Products */,
			);
			sourceTree = "<group>";
		};
		8AFB36BA1DFAEC2D00EDF656 /* Products */ = {
			isa = PBXGroup;
			children = (
				8AFB36B91DFAEC2D00EDF656 /* PingPongVer2.app */,
			);
			name = Products;
			sourceTree = "<group>";
		};
		8AFB36BB1DFAEC2D00EDF656 /* PingPongVer2 */ = {
			isa = PBXGroup;
			children = (
				8A4E8EDD1E13FBA50060BE15 /* Controller */,
				8A4E8EDC1E13FB9B0060BE15 /* View */,
				8A4E8ED51E13DB230060BE15 /* model */,
				8ABCAC151E08E51F0052D18A /* gameOver.wav */,
				8ABCAC161E08E51F0052D18A /* sound.wav */,
				8AFB36C31DFAEC2D00EDF656 /* Assets.xcassets */,
				8AFB36C81DFAEC2D00EDF656 /* Info.plist */,
				8ACB87871E05923C009CE17B /* Minecraft.ttf */,
			);
			path = PingPongVer2;
			sourceTree = "<group>";
		};
/* End PBXGroup section */

/* Begin PBXNativeTarget section */
		8AFB36B81DFAEC2D00EDF656 /* PingPongVer2 */ = {
			isa = PBXNativeTarget;
			buildConfigurationList = 8AFB36CB1DFAEC2D00EDF656 /* Build configuration list for PBXNativeTarget "PingPongVer2" */;
			buildPhases = (
				8AFB36B51DFAEC2D00EDF656 /* Sources */,
				8AFB36B61DFAEC2D00EDF656 /* Frameworks */,
				8AFB36B71DFAEC2D00EDF656 /* Resources */,
			);
			buildRules = (
			);
			dependencies = (
			);
			name = PingPongVer2;
			productName = PingPongVer2;
			productReference = 8AFB36B91DFAEC2D00EDF656 /* PingPongVer2.app */;
			productType = "com.apple.product-type.application";
		};
/* End PBXNativeTarget section */

/* Begin PBXProject section */
		8AFB36B11DFAEC2D00EDF656 /* Project object */ = {
			isa = PBXProject;
			attributes = {
				LastSwiftUpdateCheck = 0810;
				LastUpgradeCheck = 0820;
				ORGANIZATIONNAME = "Quang Bach";
				TargetAttributes = {
					8AFB36B81DFAEC2D00EDF656 = {
						CreatedOnToolsVersion = 8.1;
						DevelopmentTeam = 9J2LR6V2GZ;
						ProvisioningStyle = Automatic;
					};
				};
			};
			buildConfigurationList = 8AFB36B41DFAEC2D00EDF656 /* Build configuration list for PBXProject "PingPongVer2" */;
			compatibilityVersion = "Xcode 3.2";
			developmentRegion = English;
			hasScannedForEncodings = 0;
			knownRegions = (
				en,
				Base,
			);
			mainGroup = 8AFB36B01DFAEC2D00EDF656;
			productRefGroup = 8AFB36BA1DFAEC2D00EDF656 /* Products */;
			projectDirPath = "";
			projectRoot = "";
			targets = (
				8AFB36B81DFAEC2D00EDF656 /* PingPongVer2 */,
			);
		};
/* End PBXProject section */

/* Begin PBXResourcesBuildPhase section */
		8AFB36B71DFAEC2D00EDF656 /* Resources */ = {
			isa = PBXResourcesBuildPhase;
			buildActionMask = 2147483647;
			files = (
				8A1B9A961E06205C0097E575 /* Minecraft.ttf in Resources */,
				8AFB36C71DFAEC2D00EDF656 /* LaunchScreen.storyboard in Resources */,
				8AFB36C41DFAEC2D00EDF656 /* Assets.xcassets in Resources */,
				8AFB36C21DFAEC2D00EDF656 /* Main.storyboard in Resources */,
				8ABCAC181E08E51F0052D18A /* sound.wav in Resources */,
				8ABCAC171E08E51F0052D18A /* gameOver.wav in Resources */,
			);
			runOnlyForDeploymentPostprocessing = 0;
		};
/* End PBXResourcesBuildPhase section */

/* Begin PBXSourcesBuildPhase section */
		8AFB36B51DFAEC2D00EDF656 /* Sources */ = {
			isa = PBXSourcesBuildPhase;
			buildActionMask = 2147483647;
			files = (
				8A4E8ED91E13DFB80060BE15 /* OnePlay.swift in Sources */,
				8A4E8ED71E13DB4F0060BE15 /* GameModel.swift in Sources */,
				8ACB87891E059353009CE17B /* playViewController.swift in Sources */,
				8AFB36BF1DFAEC2D00EDF656 /* ViewController.swift in Sources */,
				8AFB36BD1DFAEC2D00EDF656 /* AppDelegate.swift in Sources */,
				8ABCAC141E08E3640052D18A /* sound.swift in Sources */,
			);
			runOnlyForDeploymentPostprocessing = 0;
		};
/* End PBXSourcesBuildPhase section */

/* Begin PBXVariantGroup section */
		8AFB36C01DFAEC2D00EDF656 /* Main.storyboard */ = {
			isa = PBXVariantGroup;
			children = (
				8AFB36C11DFAEC2D00EDF656 /* Base */,
			);
			name = Main.storyboard;
			sourceTree = "<group>";
		};
		8AFB36C51DFAEC2D00EDF656 /* LaunchScreen.storyboard */ = {
			isa = PBXVariantGroup;
			children = (
				8AFB36C61DFAEC2D00EDF656 /* Base */,
			);
			name = LaunchScreen.storyboard;
			sourceTree = "<group>";
		};
/* End PBXVariantGroup section */

/* Begin XCBuildConfiguration section */
		8AFB36C91DFAEC2D00EDF656 /* Debug */ = {
			isa = XCBuildConfiguration;
			buildSettings = {
				ALWAYS_SEARCH_USER_PATHS = NO;
				CLANG_ANALYZER_NONNULL = YES;
				CLANG_CXX_LANGUAGE_STANDARD = "gnu++0x";
				CLANG_CXX_LIBRARY = "libc++";
				CLANG_ENABLE_MODULES = YES;
				CLANG_ENABLE_OBJC_ARC = YES;
				CLANG_WARN_BOOL_CONVERSION = YES;
				CLANG_WARN_CONSTANT_CONVERSION = YES;
				CLANG_WARN_DIRECT_OBJC_ISA_USAGE = YES_ERROR;
				CLANG_WARN_DOCUMENTATION_COMMENTS = YES;
				CLANG_WARN_EMPTY_BODY = YES;
				CLANG_WARN_ENUM_CONVERSION = YES;
				CLANG_WARN_INFINITE_RECURSION = YES;
				CLANG_WARN_INT_CONVERSION = YES;
				CLANG_WARN_OBJC_ROOT_CLASS = YES_ERROR;
				CLANG_WARN_SUSPICIOUS_MOVE = YES;
				CLANG_WARN_SUSPICIOUS_MOVES = YES;
				CLANG_WARN_UNREACHABLE_CODE = YES;
				CLANG_WARN__DUPLICATE_METHOD_MATCH = YES;
				"CODE_SIGN_IDENTITY[sdk=iphoneos*]" = "iPhone Developer";
				COPY_PHASE_STRIP = NO;
				DEBUG_INFORMATION_FORMAT = dwarf;
				ENABLE_STRICT_OBJC_MSGSEND = YES;
				ENABLE_TESTABILITY = YES;
				GCC_C_LANGUAGE_STANDARD = gnu99;
				GCC_DYNAMIC_NO_PIC = NO;
				GCC_NO_COMMON_BLOCKS = YES;
				GCC_OPTIMIZATION_LEVEL = 0;
				GCC_PREPROCESSOR_DEFINITIONS = (
					"DEBUG=1",
					"$(inherited)",
				);
				GCC_WARN_64_TO_32_BIT_CONVERSION = YES;
				GCC_WARN_ABOUT_RETURN_TYPE = YES_ERROR;
				GCC_WARN_UNDECLARED_SELECTOR = YES;
				GCC_WARN_UNINITIALIZED_AUTOS = YES_AGGRESSIVE;
				GCC_WARN_UNUSED_FUNCTION = YES;
				GCC_WARN_UNUSED_VARIABLE = YES;
				IPHONEOS_DEPLOYMENT_TARGET = 10.1;
				MTL_ENABLE_DEBUG_INFO = YES;
				ONLY_ACTIVE_ARCH = YES;
				SDKROOT = iphoneos;
				SWIFT_ACTIVE_COMPILATION_CONDITIONS = DEBUG;
				SWIFT_OPTIMIZATION_LEVEL = "-Onone";
				TARGETED_DEVICE_FAMILY = "1,2";
			};
			name = Debug;
		};
		8AFB36CA1DFAEC2D00EDF656 /* Release */ = {
			isa = XCBuildConfiguration;
			buildSettings = {
				ALWAYS_SEARCH_USER_PATHS = NO;
				CLANG_ANALYZER_NONNULL = YES;
				CLANG_CXX_LANGUAGE_STANDARD = "gnu++0x";
				CLANG_CXX_LIBRARY = "libc++";
				CLANG_ENABLE_MODULES = YES;
				CLANG_ENABLE_OBJC_ARC = YES;
				CLANG_WARN_BOOL_CONVERSION = YES;
				CLANG_WARN_CONSTANT_CONVERSION = YES;
				CLANG_WARN_DIRECT_OBJC_ISA_USAGE = YES_ERROR;
				CLANG_WARN_DOCUMENTATION_COMMENTS = YES;
				CLANG_WARN_EMPTY_BODY = YES;
				CLANG_WARN_ENUM_CONVERSION = YES;
				CLANG_WARN_INFINITE_RECURSION = YES;
				CLANG_WARN_INT_CONVERSION = YES;
				CLANG_WARN_OBJC_ROOT_CLASS = YES_ERROR;
				CLANG_WARN_SUSPICIOUS_MOVE = YES;
				CLANG_WARN_SUSPICIOUS_MOVES = YES;
				CLANG_WARN_UNREACHABLE_CODE = YES;
				CLANG_WARN__DUPLICATE_METHOD_MATCH = YES;
				"CODE_SIGN_IDENTITY[sdk=iphoneos*]" = "iPhone Developer";
				COPY_PHASE_STRIP = NO;
				DEBUG_INFORMATION_FORMAT = "dwarf-with-dsym";
				ENABLE_NS_ASSERTIONS = NO;
				ENABLE_STRICT_OBJC_MSGSEND = YES;
				GCC_C_LANGUAGE_STANDARD = gnu99;
				GCC_NO_COMMON_BLOCKS = YES;
				GCC_WARN_64_TO_32_BIT_CONVERSION = YES;
				GCC_WARN_ABOUT_RETURN_TYPE = YES_ERROR;
				GCC_WARN_UNDECLARED_SELECTOR = YES;
				GCC_WARN_UNINITIALIZED_AUTOS = YES_AGGRESSIVE;
				GCC_WARN_UNUSED_FUNCTION = YES;
				GCC_WARN_UNUSED_VARIABLE = YES;
				IPHONEOS_DEPLOYMENT_TARGET = 10.1;
				MTL_ENABLE_DEBUG_INFO = NO;
				SDKROOT = iphoneos;
				SWIFT_OPTIMIZATION_LEVEL = "-Owholemodule";
				TARGETED_DEVICE_FAMILY = "1,2";
				VALIDATE_PRODUCT = YES;
			};
			name = Release;
		};
		8AFB36CC1DFAEC2D00EDF656 /* Debug */ = {
			isa = XCBuildConfiguration;
			buildSettings = {
				ASSETCATALOG_COMPILER_APPICON_NAME = AppIcon;
				DEVELOPMENT_TEAM = 9J2LR6V2GZ;
				INFOPLIST_FILE = PingPongVer2/Info.plist;
				IPHONEOS_DEPLOYMENT_TARGET = 10.2;
				LD_RUNPATH_SEARCH_PATHS = "$(inherited) @executable_path/Frameworks";
				PRODUCT_BUNDLE_IDENTIFIER = com.bach.PingPongVer2;
				PRODUCT_NAME = "$(TARGET_NAME)";
				SWIFT_VERSION = 3.0;
				TARGETED_DEVICE_FAMILY = "1,2";
			};
			name = Debug;
		};
		8AFB36CD1DFAEC2D00EDF656 /* Release */ = {
			isa = XCBuildConfiguration;
			buildSettings = {
				ASSETCATALOG_COMPILER_APPICON_NAME = AppIcon;
				DEVELOPMENT_TEAM = 9J2LR6V2GZ;
				INFOPLIST_FILE = PingPongVer2/Info.plist;
				IPHONEOS_DEPLOYMENT_TARGET = 10.2;
				LD_RUNPATH_SEARCH_PATHS = "$(inherited) @executable_path/Frameworks";
				PRODUCT_BUNDLE_IDENTIFIER = com.bach.PingPongVer2;
				PRODUCT_NAME = "$(TARGET_NAME)";
				SWIFT_VERSION = 3.0;
				TARGETED_DEVICE_FAMILY = "1,2";
			};
			name = Release;
		};
/* End XCBuildConfiguration section */

/* Begin XCConfigurationList section */
		8AFB36B41DFAEC2D00EDF656 /* Build configuration list for PBXProject "PingPongVer2" */ = {
			isa = XCConfigurationList;
			buildConfigurations = (
				8AFB36C91DFAEC2D00EDF656 /* Debug */,
				8AFB36CA1DFAEC2D00EDF656 /* Release */,
			);
			defaultConfigurationIsVisible = 0;
			defaultConfigurationName = Release;
		};
		8AFB36CB1DFAEC2D00EDF656 /* Build configuration list for PBXNativeTarget "PingPongVer2" */ = {
			isa = XCConfigurationList;
			buildConfigurations = (
				8AFB36CC1DFAEC2D00EDF656 /* Debug */,
				8AFB36CD1DFAEC2D00EDF656 /* Release */,
			);
			defaultConfigurationIsVisible = 0;
			defaultConfigurationName = Release;
		};
/* End XCConfigurationList section */
	};
	rootObject = 8AFB36B11DFAEC2D00EDF656 /* Project object */;
}
